
Microsoft Visual Studio Solution File, Format Version 12.00
# Visual Studio Version 16
VisualStudioVersion = 16.0.31005.135
MinimumVisualStudioVersion = 10.0.40219.1
Project("{9A19103F-16F7-4668-BE54-9A1E7A4F7556}") = "Api", "Api\Api.csproj", "{D4BEAE05-C188-41F8-8EF0-E9A9C95F99F7}"
EndProject
Project("{FAE04EC0-301F-11D3-BF4B-00C04F79EFBC}") = "App.Android", "App\App.Android\App.Android.csproj", "{A5EFD8D2-A968-4F7F-B7CA-3BBDFC043227}"
EndProject
Project("{9A19103F-16F7-4668-BE54-9A1E7A4F7556}") = "App", "App\App\App.csproj", "{9DE6179A-FCB6-4E98-8614-0A15B347BAD7}"
EndProject
Project("{FAE04EC0-301F-11D3-BF4B-00C04F79EFBC}") = "Core", "Core\Core.csproj", "{E14B7CC4-EF77-4C28-9DB5-1D69B3F7D741}"
EndProject
Global
	GlobalSection(SolutionConfigurationPlatforms) = preSolution
		Debug|Any CPU = Debug|Any CPU
		Debug|x64 = Debug|x64
		Release|Any CPU = Release|Any CPU
		Release|x64 = Release|x64
	EndGlobalSection
	GlobalSection(ProjectConfigurationPlatforms) = postSolution
		{D4BEAE05-C188-41F8-8EF0-E9A9C95F99F7}.Debug|Any CPU.ActiveCfg = Debug|Any CPU
		{D4BEAE05-C188-41F8-8EF0-E9A9C95F99F7}.Debug|Any CPU.Build.0 = Debug|Any CPU
		{D4BEAE05-C188-41F8-8EF0-E9A9C95F99F7}.Debug|x64.ActiveCfg = Debug|x64
		{D4BEAE05-C188-41F8-8EF0-E9A9C95F99F7}.Debug|x64.Build.0 = Debug|x64
		{D4BEAE05-C188-41F8-8EF0-E9A9C95F99F7}.Release|Any CPU.ActiveCfg = Release|Any CPU
		{D4BEAE05-C188-41F8-8EF0-E9A9C95F99F7}.Release|Any CPU.Build.0 = Release|Any CPU
		{D4BEAE05-C188-41F8-8EF0-E9A9C95F99F7}.Release|x64.ActiveCfg = Release|x64
		{D4BEAE05-C188-41F8-8EF0-E9A9C95F99F7}.Release|x64.Build.0 = Release|x64
		{A5EFD8D2-A968-4F7F-B7CA-3BBDFC043227}.Debug|Any CPU.ActiveCfg = Debug|Any CPU
		{A5EFD8D2-A968-4F7F-B7CA-3BBDFC043227}.Debug|Any CPU.Build.0 = Debug|Any CPU
		{A5EFD8D2-A968-4F7F-B7CA-3BBDFC043227}.Debug|Any CPU.Deploy.0 = Debug|Any CPU
		{A5EFD8D2-A968-4F7F-B7CA-3BBDFC043227}.Debug|x64.ActiveCfg = Debug|x64
		{A5EFD8D2-A968-4F7F-B7CA-3BBDFC043227}.Debug|x64.Build.0 = Debug|x64
		{A5EFD8D2-A968-4F7F-B7CA-3BBDFC043227}.Debug|x64.Deploy.0 = Debug|x64
		{A5EFD8D2-A968-4F7F-B7CA-3BBDFC043227}.Release|Any CPU.ActiveCfg = Release|Any CPU
		{A5EFD8D2-A968-4F7F-B7CA-3BBDFC043227}.Release|Any CPU.Build.0 = Release|Any CPU
		{A5EFD8D2-A968-4F7F-B7CA-3BBDFC043227}.Release|Any CPU.Deploy.0 = Release|Any CPU
		{A5EFD8D2-A968-4F7F-B7CA-3BBDFC043227}.Release|x64.ActiveCfg = Release|x64
		{A5EFD8D2-A968-4F7F-B7CA-3BBDFC043227}.Release|x64.Build.0 = Release|x64
		{A5EFD8D2-A968-4F7F-B7CA-3BBDFC043227}.Release|x64.Deploy.0 = Release|x64
		{9DE6179A-FCB6-4E98-8614-0A15B347BAD7}.Debug|Any CPU.ActiveCfg = Debug|Any CPU
		{9DE6179A-FCB6-4E98-8614-0A15B347BAD7}.Debug|Any CPU.Build.0 = Debug|Any CPU
		{9DE6179A-FCB6-4E98-8614-0A15B347BAD7}.Debug|x64.ActiveCfg = Debug|x64
		{9DE6179A-FCB6-4E98-8614-0A15B347BAD7}.Debug|x64.Build.0 = Debug|x64
		{9DE6179A-FCB6-4E98-8614-0A15B347BAD7}.Release|Any CPU.ActiveCfg = Release|Any CPU
		{9DE6179A-FCB6-4E98-8614-0A15B347BAD7}.Release|Any CPU.Build.0 = Release|Any CPU
		{9DE6179A-FCB6-4E98-8614-0A15B347BAD7}.Release|x64.ActiveCfg = Release|x64
		{9DE6179A-FCB6-4E98-8614-0A15B347BAD7}.Release|x64.Build.0 = Release|x64
		{E14B7CC4-EF77-4C28-9DB5-1D69B3F7D741}.Debug|Any CPU.ActiveCfg = Debug|Any CPU
		{E14B7CC4-EF77-4C28-9DB5-1D69B3F7D741}.Debug|Any CPU.Build.0 = Debug|Any CPU
		{E14B7CC4-EF77-4C28-9DB5-1D69B3F7D741}.Debug|x64.ActiveCfg = Debug|Any CPU
		{E14B7CC4-EF77-4C28-9DB5-1D69B3F7D741}.Debug|x64.Build.0 = Debug|Any CPU
		{E14B7CC4-EF77-4C28-9DB5-1D69B3F7D741}.Release|Any CPU.ActiveCfg = Release|Any CPU
		{E14B7CC4-EF77-4C28-9DB5-1D69B3F7D741}.Release|Any CPU.Build.0 = Release|Any CPU
		{E14B7CC4-EF77-4C28-9DB5-1D69B3F7D741}.Release|x64.ActiveCfg = Release|Any CPU
		{E14B7CC4-EF77-4C28-9DB5-1D69B3F7D741}.Release|x64.Build.0 = Release|Any CPU
	EndGlobalSection
	GlobalSection(SolutionProperties) = preSolution
		HideSolutionNode = FALSE
	EndGlobalSection
	GlobalSection(ExtensibilityGlobals) = postSolution
		SolutionGuid = {34DBFC02-0111-4538-8955-4EEEC90E5E4A}
	EndGlobalSection
EndGlobal
